
Microsoft Visual Studio Solution File, Format Version 12.00
# Visual Studio Version 17
VisualStudioVersion = 17.5.33414.496
MinimumVisualStudioVersion = 10.0.40219.1
Project("{FAE04EC0-301F-11D3-BF4B-00C04F79EFBC}") = "cnMensaje", "cnMensaje.csproj", "{5470F9BC-5F0D-4988-BB11-70D694D40456}"
EndProject
Global
	GlobalSection(SolutionConfigurationPlatforms) = preSolution
		Debug|Any CPU = Debug|Any CPU
		Release|Any CPU = Release|Any CPU
	EndGlobalSection
	GlobalSection(ProjectConfigurationPlatforms) = postSolution
		{5470F9BC-5F0D-4988-BB11-70D694D40456}.Debug|Any CPU.ActiveCfg = Debug|Any CPU
		{5470F9BC-5F0D-4988-BB11-70D694D40456}.Debug|Any CPU.Build.0 = Debug|Any CPU
		{5470F9BC-5F0D-4988-BB11-70D694D40456}.Release|Any CPU.ActiveCfg = Release|Any CPU
		{5470F9BC-5F0D-4988-BB11-70D694D40456}.Release|Any CPU.Build.0 = Release|Any CPU
	EndGlobalSection
	GlobalSection(SolutionProperties) = preSolution
		HideSolutionNode = FALSE
	EndGlobalSection
	GlobalSection(ExtensibilityGlobals) = postSolution
		SolutionGuid = {68F07F72-8AE4-4E82-AAB6-0A9F64383E1C}
	EndGlobalSection
EndGlobal
